
Microsoft Visual Studio Solution File, Format Version 12.00
# Visual Studio Version 16
VisualStudioVersion = 16.0.29806.167
MinimumVisualStudioVersion = 10.0.40219.1
Project("{2150E333-8FDC-42A3-9474-1A3956D46DE8}") = "01 - Apresentacao", "01 - Apresentacao", "{B21920B1-41C4-435F-9AE2-20F91B251853}"
EndProject
Project("{2150E333-8FDC-42A3-9474-1A3956D46DE8}") = "02 - Aplicacao", "02 - Aplicacao", "{9070E1A5-8E0A-46F7-8EBF-4A5385C8BADF}"
EndProject
Project("{2150E333-8FDC-42A3-9474-1A3956D46DE8}") = "03 - Dominio", "03 - Dominio", "{29872B60-F282-481E-A2D2-EE6533849DCD}"
EndProject
Project("{2150E333-8FDC-42A3-9474-1A3956D46DE8}") = "04 - Infra", "04 - Infra", "{C5C95920-56FF-41AA-A25C-8EAA69AE8510}"
EndProject
Project("{2150E333-8FDC-42A3-9474-1A3956D46DE8}") = "05 - Testes", "05 - Testes", "{B84D9E0E-BF33-4D6A-BB3D-CFB75CFD6948}"
EndProject
Project("{9A19103F-16F7-4668-BE54-9A1E7A4F7556}") = "AgendaSis.Domain", "AgendaSis.Domain\AgendaSis.Domain.csproj", "{A714E9E9-6590-4730-8A71-816329F2FF72}"
EndProject
Project("{9A19103F-16F7-4668-BE54-9A1E7A4F7556}") = "AgendaSis.Infra", "AgendaSis.Infra\AgendaSis.Infra.csproj", "{3F814276-3FBB-4685-9A72-467D6B38E484}"
EndProject
Project("{FAE04EC0-301F-11D3-BF4B-00C04F79EFBC}") = "AgendaSis.Web", "AgendaSis.Web\AgendaSis.Web.csproj", "{CC950D91-10BC-4C3C-A896-7550EF3C459E}"
EndProject
Project("{FAE04EC0-301F-11D3-BF4B-00C04F79EFBC}") = "AgendaSis.Application", "AgendaSis.Services\AgendaSis.Application.csproj", "{3DA41AA3-3DB5-45DD-98CA-558D2174AD5E}"
EndProject
Global
	GlobalSection(SolutionConfigurationPlatforms) = preSolution
		Debug|Any CPU = Debug|Any CPU
		Release|Any CPU = Release|Any CPU
	EndGlobalSection
	GlobalSection(ProjectConfigurationPlatforms) = postSolution
		{A714E9E9-6590-4730-8A71-816329F2FF72}.Debug|Any CPU.ActiveCfg = Debug|Any CPU
		{A714E9E9-6590-4730-8A71-816329F2FF72}.Debug|Any CPU.Build.0 = Debug|Any CPU
		{A714E9E9-6590-4730-8A71-816329F2FF72}.Release|Any CPU.ActiveCfg = Release|Any CPU
		{A714E9E9-6590-4730-8A71-816329F2FF72}.Release|Any CPU.Build.0 = Release|Any CPU
		{3F814276-3FBB-4685-9A72-467D6B38E484}.Debug|Any CPU.ActiveCfg = Debug|Any CPU
		{3F814276-3FBB-4685-9A72-467D6B38E484}.Debug|Any CPU.Build.0 = Debug|Any CPU
		{3F814276-3FBB-4685-9A72-467D6B38E484}.Release|Any CPU.ActiveCfg = Release|Any CPU
		{3F814276-3FBB-4685-9A72-467D6B38E484}.Release|Any CPU.Build.0 = Release|Any CPU
		{CC950D91-10BC-4C3C-A896-7550EF3C459E}.Debug|Any CPU.ActiveCfg = Debug|Any CPU
		{CC950D91-10BC-4C3C-A896-7550EF3C459E}.Debug|Any CPU.Build.0 = Debug|Any CPU
		{CC950D91-10BC-4C3C-A896-7550EF3C459E}.Release|Any CPU.ActiveCfg = Release|Any CPU
		{CC950D91-10BC-4C3C-A896-7550EF3C459E}.Release|Any CPU.Build.0 = Release|Any CPU
		{3DA41AA3-3DB5-45DD-98CA-558D2174AD5E}.Debug|Any CPU.ActiveCfg = Debug|Any CPU
		{3DA41AA3-3DB5-45DD-98CA-558D2174AD5E}.Debug|Any CPU.Build.0 = Debug|Any CPU
		{3DA41AA3-3DB5-45DD-98CA-558D2174AD5E}.Release|Any CPU.ActiveCfg = Release|Any CPU
		{3DA41AA3-3DB5-45DD-98CA-558D2174AD5E}.Release|Any CPU.Build.0 = Release|Any CPU
	EndGlobalSection
	GlobalSection(SolutionProperties) = preSolution
		HideSolutionNode = FALSE
	EndGlobalSection
	GlobalSection(NestedProjects) = preSolution
		{A714E9E9-6590-4730-8A71-816329F2FF72} = {29872B60-F282-481E-A2D2-EE6533849DCD}
		{3F814276-3FBB-4685-9A72-467D6B38E484} = {C5C95920-56FF-41AA-A25C-8EAA69AE8510}
		{CC950D91-10BC-4C3C-A896-7550EF3C459E} = {B21920B1-41C4-435F-9AE2-20F91B251853}
		{3DA41AA3-3DB5-45DD-98CA-558D2174AD5E} = {9070E1A5-8E0A-46F7-8EBF-4A5385C8BADF}
	EndGlobalSection
	GlobalSection(ExtensibilityGlobals) = postSolution
		SolutionGuid = {A23EB6DB-403D-4D2E-96F6-48F50BE85896}
	EndGlobalSection
EndGlobal
